{
  "lockfileVersion": 1,
  "workspaces": {
    "": {
      "name": "utils",
      "dependencies": {
        "clean-deep": "^3.4.0",
        "fuse.js": "^7.1.0",
        "lodash": "^4.17.21",
        "moment": "^2.30.1",
        "rfc6902": "^5.1.2",
      },
      "devDependencies": {
        "@types/bun": "latest",
        "@types/lodash": "^4.17.16",
      },
      "peerDependencies": {
        "typescript": "^5",
      },
    },
  },
  "packages": {
    "@types/bun": ["@types/bun@1.2.9", "", { "dependencies": { "bun-types": "1.2.9" } }, "sha512-epShhLGQYc4Bv/aceHbmBhOz1XgUnuTZgcxjxk+WXwNyDXavv5QHD1QEFV0FwbTSQtNq6g4ZcV6y0vZakTjswg=="],

    "@types/lodash": ["@types/lodash@4.17.16", "", {}, "sha512-HX7Em5NYQAXKW+1T+FiuG27NGwzJfCX3s1GjOa7ujxZa52kjJLOr4FUxT+giF6Tgxv1e+/czV/iTtBw27WTU9g=="],

    "@types/node": ["@types/node@22.14.1", "", { "dependencies": { "undici-types": "~6.21.0" } }, "sha512-u0HuPQwe/dHrItgHHpmw3N2fYCR6x4ivMNbPHRkBVP4CvN+kiRrKHWk3i8tXiO/joPwXLMYvF9TTF0eqgHIuOw=="],

    "@types/ws": ["@types/ws@8.18.1", "", { "dependencies": { "@types/node": "*" } }, "sha512-ThVF6DCVhA8kUGy+aazFQ4kXQ7E1Ty7A3ypFOe0IcJV8O/M511G99AW24irKrW56Wt44yG9+ij8FaqoBGkuBXg=="],

    "bun-types": ["bun-types@1.2.9", "", { "dependencies": { "@types/node": "*", "@types/ws": "*" } }, "sha512-dk/kOEfQbajENN/D6FyiSgOKEuUi9PWfqKQJEgwKrCMWbjS/S6tEXp178mWvWAcUSYm9ArDlWHZKO3T/4cLXiw=="],

    "clean-deep": ["clean-deep@3.4.0", "", { "dependencies": { "lodash.isempty": "^4.4.0", "lodash.isplainobject": "^4.0.6", "lodash.transform": "^4.6.0" } }, "sha512-Lo78NV5ItJL/jl+B5w0BycAisaieJGXK1qYi/9m4SjR8zbqmrUtO7Yhro40wEShGmmxs/aJLI/A+jNhdkXK8mw=="],

    "fuse.js": ["fuse.js@7.1.0", "", {}, "sha512-trLf4SzuuUxfusZADLINj+dE8clK1frKdmqiJNb1Es75fmI5oY6X2mxLVUciLLjxqw/xr72Dhy+lER6dGd02FQ=="],

    "lodash": ["lodash@4.17.21", "", {}, "sha512-v2kDEe57lecTulaDIuNTPy3Ry4gLGJ6Z1O3vE1krgXZNrsQ+LFTGHVxVjcXPs17LhbZVGedAJv8XZ1tvj5FvSg=="],

    "lodash.isempty": ["lodash.isempty@4.4.0", "", {}, "sha512-oKMuF3xEeqDltrGMfDxAPGIVMSSRv8tbRSODbrs4KGsRRLEhrW8N8Rd4DRgB2+621hY8A8XwwrTVhXWpxFvMzg=="],

    "lodash.isplainobject": ["lodash.isplainobject@4.0.6", "", {}, "sha512-oSXzaWypCMHkPC3NvBEaPHf0KsA5mvPrOPgQWDsbg8n7orZ290M0BmC/jgRZ4vcJ6DTAhjrsSYgdsW/F+MFOBA=="],

    "lodash.transform": ["lodash.transform@4.6.0", "", {}, "sha512-LO37ZnhmBVx0GvOU/caQuipEh4GN82TcWv3yHlebGDgOxbxiwwzW5Pcx2AcvpIv2WmvmSMoC492yQFNhy/l/UQ=="],

    "moment": ["moment@2.30.1", "", {}, "sha512-uEmtNhbDOrWPFS+hdjFCBfy9f2YoyzRpwcl+DqpC6taX21FzsTLQVbMV/W7PzNSX6x/bhC1zA3c2UQ5NzH6how=="],

    "rfc6902": ["rfc6902@5.1.2", "", {}, "sha512-zxcb+PWlE8PwX0tiKE6zP97THQ8/lHmeiwucRrJ3YFupWEmp25RmFSlB1dNTqjkovwqG4iq+u1gzJMBS3um8mA=="],

    "typescript": ["typescript@5.8.3", "", { "bin": { "tsc": "bin/tsc", "tsserver": "bin/tsserver" } }, "sha512-p1diW6TqL9L07nNxvRMM7hMMw4c5XOo/1ibL4aAIGmSAt9slTE1Xgw5KWuof2uTOvCg9BY7ZRi+GaF+7sfgPeQ=="],

    "undici-types": ["undici-types@6.21.0", "", {}, "sha512-iwDZqg0QAGrg9Rav5H4n0M64c3mkR59cJ6wQp+7C4nI0gsmExaedaYLNO44eT4AtBBwjbTiGPMlt2Md0T9H9JQ=="],
  }
}
